
Microsoft Visual Studio Solution File, Format Version 12.00
# Visual Studio Version 16
VisualStudioVersion = 16.0.30114.105
MinimumVisualStudioVersion = 10.0.40219.1
Project("{FAE04EC0-301F-11D3-BF4B-00C04F79EFBC}") = "DevTeams.Data", "DevTeams.Data\DevTeams.Data.csproj", "{A34D9668-1B8F-4874-8FAB-B487EBB7B168}"
EndProject
Project("{FAE04EC0-301F-11D3-BF4B-00C04F79EFBC}") = "DevTeams.Repositories", "DevTeams.Repositories\DevTeams.Repositories.csproj", "{D70087EC-9B54-4099-8925-496EEBF17C72}"
EndProject
Project("{FAE04EC0-301F-11D3-BF4B-00C04F79EFBC}") = "DevTeams.UI", "DevTeams.UI\DevTeams.UI.csproj", "{8D1A825E-879D-4A58-9E62-512152CB43B8}"
EndProject
Global
	GlobalSection(SolutionConfigurationPlatforms) = preSolution
		Debug|Any CPU = Debug|Any CPU
		Release|Any CPU = Release|Any CPU
	EndGlobalSection
	GlobalSection(SolutionProperties) = preSolution
		HideSolutionNode = FALSE
	EndGlobalSection
	GlobalSection(ProjectConfigurationPlatforms) = postSolution
		{A34D9668-1B8F-4874-8FAB-B487EBB7B168}.Debug|Any CPU.ActiveCfg = Debug|Any CPU
		{A34D9668-1B8F-4874-8FAB-B487EBB7B168}.Debug|Any CPU.Build.0 = Debug|Any CPU
		{A34D9668-1B8F-4874-8FAB-B487EBB7B168}.Release|Any CPU.ActiveCfg = Release|Any CPU
		{A34D9668-1B8F-4874-8FAB-B487EBB7B168}.Release|Any CPU.Build.0 = Release|Any CPU
		{D70087EC-9B54-4099-8925-496EEBF17C72}.Debug|Any CPU.ActiveCfg = Debug|Any CPU
		{D70087EC-9B54-4099-8925-496EEBF17C72}.Debug|Any CPU.Build.0 = Debug|Any CPU
		{D70087EC-9B54-4099-8925-496EEBF17C72}.Release|Any CPU.ActiveCfg = Release|Any CPU
		{D70087EC-9B54-4099-8925-496EEBF17C72}.Release|Any CPU.Build.0 = Release|Any CPU
		{8D1A825E-879D-4A58-9E62-512152CB43B8}.Debug|Any CPU.ActiveCfg = Debug|Any CPU
		{8D1A825E-879D-4A58-9E62-512152CB43B8}.Debug|Any CPU.Build.0 = Debug|Any CPU
		{8D1A825E-879D-4A58-9E62-512152CB43B8}.Release|Any CPU.ActiveCfg = Release|Any CPU
		{8D1A825E-879D-4A58-9E62-512152CB43B8}.Release|Any CPU.Build.0 = Release|Any CPU
	EndGlobalSection
EndGlobal
